
Microsoft Visual Studio Solution File, Format Version 12.00
# Visual Studio Version 17
VisualStudioVersion = 17.7.34221.43
MinimumVisualStudioVersion = 10.0.40219.1
Project("{FAE04EC0-301F-11D3-BF4B-00C04F79EFBC}") = "ChatApp.Web", "ChatApp.Web\ChatApp.Web.csproj", "{EB82E78D-0AD4-4684-B86C-9778EFD561A0}"
EndProject
Global
	GlobalSection(SolutionConfigurationPlatforms) = preSolution
		Debug|Any CPU = Debug|Any CPU
		Release|Any CPU = Release|Any CPU
	EndGlobalSection
	GlobalSection(ProjectConfigurationPlatforms) = postSolution
		{EB82E78D-0AD4-4684-B86C-9778EFD561A0}.Debug|Any CPU.ActiveCfg = Debug|Any CPU
		{EB82E78D-0AD4-4684-B86C-9778EFD561A0}.Debug|Any CPU.Build.0 = Debug|Any CPU
		{EB82E78D-0AD4-4684-B86C-9778EFD561A0}.Release|Any CPU.ActiveCfg = Release|Any CPU
		{EB82E78D-0AD4-4684-B86C-9778EFD561A0}.Release|Any CPU.Build.0 = Release|Any CPU
	EndGlobalSection
	GlobalSection(SolutionProperties) = preSolution
		HideSolutionNode = FALSE
	EndGlobalSection
	GlobalSection(ExtensibilityGlobals) = postSolution
		SolutionGuid = {E8BC6815-FC45-46DC-A2A4-D336FB1ADDB6}
	EndGlobalSection
EndGlobal
